
Microsoft Visual Studio Solution File, Format Version 12.00
# Visual Studio 15
VisualStudioVersion = 15.0.28307.572
MinimumVisualStudioVersion = 10.0.40219.1
Project("{159641D6-6404-4A2A-AE62-294DE0FE8301}") = "PowerApps_Demo_ETL_2019", "PowerApps_Demo_ETL_2019\PowerApps_Demo_ETL_2019.dtproj", "{4D7CED7E-218F-4D76-AACB-57069BF4216E}"
EndProject
Global
	GlobalSection(SolutionConfigurationPlatforms) = preSolution
		Development|Default = Development|Default
	EndGlobalSection
	GlobalSection(ProjectConfigurationPlatforms) = postSolution
		{4D7CED7E-218F-4D76-AACB-57069BF4216E}.Development|Default.ActiveCfg = Development
		{4D7CED7E-218F-4D76-AACB-57069BF4216E}.Development|Default.Build.0 = Development
	EndGlobalSection
	GlobalSection(SolutionProperties) = preSolution
		HideSolutionNode = FALSE
	EndGlobalSection
	GlobalSection(ExtensibilityGlobals) = postSolution
		SolutionGuid = {33AEAE91-0D5B-4DE8-8D6B-CABC64C2B8E1}
	EndGlobalSection
EndGlobal
